# THIS IS AN AUTOGENERATED FILE. DO NOT EDIT THIS FILE DIRECTLY.
# yarn lockfile v1


"@ministryofjustice/frontend@2.2.5":
  version "2.2.5"
  resolved "https://registry.yarnpkg.com/@ministryofjustice/frontend/-/frontend-2.2.5.tgz#e4371759f915db8d0677c03daee72c5cb6ddbd8e"
  integrity sha512-UR8WTME0vrYhtCxBESd0XaAvfjdi9UujieeooQj1ddQKdcfI/wkXUMJO8hWWvXjeqRxfKB2v62rw1mSRc+Yqrw==
  dependencies:
    govuk-frontend "^5.0.0"
    moment "^2.27.0"

govuk-frontend@5.8.0:
  version "5.8.0"
  resolved "https://registry.yarnpkg.com/govuk-frontend/-/govuk-frontend-5.8.0.tgz#da1b03cb4f2ba1f6036be0dac3c5327c3405174c"
  integrity sha512-6l3f/YhDUCWjpmSW3CL95Hg8B+ZLzTf2WYo25ZtCs2Lb8UIzxxxFI8LxG7Ey/z04UuPhUunqFhTwSkQyJ69XbQ==

govuk-frontend@^5.0.0:
  version "5.4.0"
  resolved "https://registry.yarnpkg.com/govuk-frontend/-/govuk-frontend-5.4.0.tgz#8f2e0b55ef7c7552a1efe68c7b40ff1b4a393e72"
  integrity sha512-F3YwQYrYQqIPfNxsoph6O78Ey1unCB6cy6omx8KeWY9G504lWZFBSIaiUCma1jNLw9bOUU7Ui+tXG09jjqy0Mw==

moment@^2.27.0:
  version "2.30.1"
  resolved "https://registry.yarnpkg.com/moment/-/moment-2.30.1.tgz#f8c91c07b7a786e30c59926df530b4eac96974ae"
  integrity sha512-uEmtNhbDOrWPFS+hdjFCBfy9f2YoyzRpwcl+DqpC6taX21FzsTLQVbMV/W7PzNSX6x/bhC1zA3c2UQ5NzH6how==
