# THIS IS AN AUTOGENERATED FILE. DO NOT EDIT THIS FILE DIRECTLY.
# yarn lockfile v1


"@ministryofjustice/frontend@3.7.0":
  version "3.7.0"
  resolved "https://registry.yarnpkg.com/@ministryofjustice/frontend/-/frontend-3.7.0.tgz#fd694f79d06f1c5a2ba581c1f5c89506810aa4a6"
  integrity sha512-o84Sqy+1jqc1vaxIZfyG4VwJzdpDUK88O9COJFVLcFmW+Np80onlFlGAVjDUxNHYvtBdJx40w1dayq53wmtxgQ==

govuk-frontend@5.9.0:
  version "5.9.0"
  resolved "https://registry.yarnpkg.com/govuk-frontend/-/govuk-frontend-5.9.0.tgz#4064ac692019e60f030d6311c49330a6454a5689"
  integrity sha512-8NzmyoDtRFYyHs413DfNPR8Zo6qw6Q02Mruxml/Yfy+EueaOI/JZ4gVM8d0pqzJmTiMcJuHhvxqYEgBRmqeoyA==
