# THIS IS AN AUTOGENERATED FILE. DO NOT EDIT THIS FILE DIRECTLY.
# yarn lockfile v1


"@ministryofjustice/frontend@2.1.1":
  version "2.1.1"
  resolved "https://registry.yarnpkg.com/@ministryofjustice/frontend/-/frontend-2.1.1.tgz#8ce98e0cb5af74b01570b724b7817bd8bdbae148"
  integrity sha512-CBq8l3kuuf/GLVIroxYIoho0plr5ChRdOjSGDIfcXavDb8P5pbNWGgWlA7RgNReYCYV9W6IOje9rcExvdqej9Q==
  dependencies:
    govuk-frontend "^5.0.0"
    moment "^2.27.0"

govuk-frontend@5.2.0, govuk-frontend@^5.0.0:
  version "5.2.0"
  resolved "https://registry.yarnpkg.com/govuk-frontend/-/govuk-frontend-5.2.0.tgz#f8e0bf98b771b8ee1501fd45bbba24a091f3846d"
  integrity sha512-beD3wztHpkKz6JUpPwnwop1ejb4rTFMPLCutKLCIDmUS4BPpW59ggVUfctsRqHd2Zjw9wxljdRdeIJ8AZFyyTw==

moment@^2.27.0:
  version "2.29.4"
  resolved "https://registry.yarnpkg.com/moment/-/moment-2.29.4.tgz#3dbe052889fe7c1b2ed966fcb3a77328964ef108"
  integrity sha512-5LC9SOxjSc2HF6vO2CyuTDNivEdoz2IvyJJGj6X8DJ0eFyfszE0QiEd+iXmBvUP3WHxSjFH/vIsA0EN00cgr8w==
